
Microsoft Visual Studio Solution File, Format Version 12.00
# Visual Studio Version 16
VisualStudioVersion = 16.0.29519.87
MinimumVisualStudioVersion = 10.0.40219.1
Project("{FAE04EC0-301F-11D3-BF4B-00C04F79EFBC}") = "WebApi", "WebApi\WebApi.csproj", "{D05E1FB8-2172-4F6C-A713-3CFBC19B4A31}"
EndProject
Project("{FAE04EC0-301F-11D3-BF4B-00C04F79EFBC}") = "Data", "Data\Data.csproj", "{207CA0CB-EABC-4905-A0F5-F0D59A1DF3AB}"
EndProject
Project("{FAE04EC0-301F-11D3-BF4B-00C04F79EFBC}") = "Core", "Core\Core.csproj", "{90C93F1D-52A7-4B19-8356-7461D25E8D25}"
EndProject
Project("{FAE04EC0-301F-11D3-BF4B-00C04F79EFBC}") = "Objects", "Objects\Objects.csproj", "{9BAC1DDF-B549-4F49-83DC-F116CD9A425C}"
EndProject
Global
	GlobalSection(SolutionConfigurationPlatforms) = preSolution
		Debug|Any CPU = Debug|Any CPU
		Release|Any CPU = Release|Any CPU
	EndGlobalSection
	GlobalSection(ProjectConfigurationPlatforms) = postSolution
		{D05E1FB8-2172-4F6C-A713-3CFBC19B4A31}.Debug|Any CPU.ActiveCfg = Debug|Any CPU
		{D05E1FB8-2172-4F6C-A713-3CFBC19B4A31}.Debug|Any CPU.Build.0 = Debug|Any CPU
		{D05E1FB8-2172-4F6C-A713-3CFBC19B4A31}.Release|Any CPU.ActiveCfg = Release|Any CPU
		{D05E1FB8-2172-4F6C-A713-3CFBC19B4A31}.Release|Any CPU.Build.0 = Release|Any CPU
		{207CA0CB-EABC-4905-A0F5-F0D59A1DF3AB}.Debug|Any CPU.ActiveCfg = Debug|Any CPU
		{207CA0CB-EABC-4905-A0F5-F0D59A1DF3AB}.Debug|Any CPU.Build.0 = Debug|Any CPU
		{207CA0CB-EABC-4905-A0F5-F0D59A1DF3AB}.Release|Any CPU.ActiveCfg = Release|Any CPU
		{207CA0CB-EABC-4905-A0F5-F0D59A1DF3AB}.Release|Any CPU.Build.0 = Release|Any CPU
		{90C93F1D-52A7-4B19-8356-7461D25E8D25}.Debug|Any CPU.ActiveCfg = Debug|Any CPU
		{90C93F1D-52A7-4B19-8356-7461D25E8D25}.Debug|Any CPU.Build.0 = Debug|Any CPU
		{90C93F1D-52A7-4B19-8356-7461D25E8D25}.Release|Any CPU.ActiveCfg = Release|Any CPU
		{90C93F1D-52A7-4B19-8356-7461D25E8D25}.Release|Any CPU.Build.0 = Release|Any CPU
		{9BAC1DDF-B549-4F49-83DC-F116CD9A425C}.Debug|Any CPU.ActiveCfg = Debug|Any CPU
		{9BAC1DDF-B549-4F49-83DC-F116CD9A425C}.Debug|Any CPU.Build.0 = Debug|Any CPU
		{9BAC1DDF-B549-4F49-83DC-F116CD9A425C}.Release|Any CPU.ActiveCfg = Release|Any CPU
		{9BAC1DDF-B549-4F49-83DC-F116CD9A425C}.Release|Any CPU.Build.0 = Release|Any CPU
	EndGlobalSection
	GlobalSection(SolutionProperties) = preSolution
		HideSolutionNode = FALSE
	EndGlobalSection
	GlobalSection(ExtensibilityGlobals) = postSolution
		SolutionGuid = {7E184112-67C2-427C-9467-F8F60C3CF730}
	EndGlobalSection
EndGlobal
